lockfileVersion: '9.0'

settings:
  autoInstallPeers: true
  excludeLinksFromLockfile: false

importers:

  .:
    devDependencies:
      oxfmt:
        specifier: ^0.24.0
        version: 0.24.0

packages:

  '@oxfmt/darwin-arm64@0.24.0':
    resolution: {integrity: sha512-aYXuGf/yq8nsyEcHindGhiz9I+GEqLkVq8CfPbd+6VE259CpPEH+CaGHEO1j6vIOmNr8KHRq+IAjeRO2uJpb8A==}
    cpu: [arm64]
    os: [darwin]

  '@oxfmt/darwin-x64@0.24.0':
    resolution: {integrity: sha512-vs3b8Bs53hbiNvcNeBilzE/+IhDTWKjSBB3v/ztr664nZk65j0xr+5IHMBNz3CFppmX7o/aBta2PxY+t+4KoPg==}
    cpu: [x64]
    os: [darwin]

  '@oxfmt/linux-arm64-gnu@0.24.0':
    resolution: {integrity: sha512-ItPDOPoQ0wLj/s8osc5ch57uUcA1Wk8r0YdO8vLRpXA3UNg7KPOm1vdbkIZRRiSUphZcuX5ioOEetEK8H7RlTw==}
    cpu: [arm64]
    os: [linux]

  '@oxfmt/linux-arm64-musl@0.24.0':
    resolution: {integrity: sha512-JkQO3WnQjQTJONx8nxdgVBfl6BBFfpp9bKhChYhWeakwJdr7QPOAWJ/v3FGZfr0TbqINwnNR74aVZayDDRyXEA==}
    cpu: [arm64]
    os: [linux]

  '@oxfmt/linux-x64-gnu@0.24.0':
    resolution: {integrity: sha512-N/SXlFO+2kak5gMt0oxApi0WXQDhwA0PShR0UbkY0PwtHjfSiDqJSOumyNqgQVoroKr1GNnoRmUqjZIz6DKIcw==}
    cpu: [x64]
    os: [linux]

  '@oxfmt/linux-x64-musl@0.24.0':
    resolution: {integrity: sha512-WM0pek5YDCQf50XQ7GLCE9sMBCMPW/NPAEPH/Hx6Qyir37lEsP4rUmSECo/QFNTU6KBc9NnsviAyJruWPpCMXw==}
    cpu: [x64]
    os: [linux]

  '@oxfmt/win32-arm64@0.24.0':
    resolution: {integrity: sha512-vFCseli1KWtwdHrVlT/jWfZ8jP8oYpnPPEjI23mPLW8K/6GEJmmvy0PZP5NpWUFNTzX0lqie58XnrATJYAe9Xw==}
    cpu: [arm64]
    os: [win32]

  '@oxfmt/win32-x64@0.24.0':
    resolution: {integrity: sha512-0tmlNzcyewAnauNeBCq0xmAkmiKzl+H09p0IdHy+QKrTQdtixtf+AOjDAADbRfihkS+heF15Pjc4IyJMdAAJjw==}
    cpu: [x64]
    os: [win32]

  oxfmt@0.24.0:
    resolution: {integrity: sha512-UjeM3Peez8Tl7IJ9s5UwAoZSiDRMww7BEc21gDYxLq3S3/KqJnM3mjNxsoSHgmBvSeX6RBhoVc2MfC/+96RdSw==}
    engines: {node: ^20.19.0 || >=22.12.0}
    hasBin: true

  tinypool@2.0.0:
    resolution: {integrity: sha512-/RX9RzeH2xU5ADE7n2Ykvmi9ED3FBGPAjw9u3zucrNNaEBIO0HPSYgL0NT7+3p147ojeSdaVu08F6hjpv31HJg==}
    engines: {node: ^20.0.0 || >=22.0.0}

snapshots:

  '@oxfmt/darwin-arm64@0.24.0':
    optional: true

  '@oxfmt/darwin-x64@0.24.0':
    optional: true

  '@oxfmt/linux-arm64-gnu@0.24.0':
    optional: true

  '@oxfmt/linux-arm64-musl@0.24.0':
    optional: true

  '@oxfmt/linux-x64-gnu@0.24.0':
    optional: true

  '@oxfmt/linux-x64-musl@0.24.0':
    optional: true

  '@oxfmt/win32-arm64@0.24.0':
    optional: true

  '@oxfmt/win32-x64@0.24.0':
    optional: true

  oxfmt@0.24.0:
    dependencies:
      tinypool: 2.0.0
    optionalDependencies:
      '@oxfmt/darwin-arm64': 0.24.0
      '@oxfmt/darwin-x64': 0.24.0
      '@oxfmt/linux-arm64-gnu': 0.24.0
      '@oxfmt/linux-arm64-musl': 0.24.0
      '@oxfmt/linux-x64-gnu': 0.24.0
      '@oxfmt/linux-x64-musl': 0.24.0
      '@oxfmt/win32-arm64': 0.24.0
      '@oxfmt/win32-x64': 0.24.0

  tinypool@2.0.0: {}
